// !$*UTF8*$!
{
	archiveVersion = 1;
	classes = {
	};
	objectVersion = 46;
	objects = {

/* Begin PBXBuildFile section */
		1A88B2641FC3D9C9005C14AE /* Images.xcassets in Resources */ = {isa = PBXBuildFile; fileRef = 1A88B2631FC3D9C9005C14AE /* Images.xcassets */; };
		1AC6FB21180E996B004C840B /* libcocos2d Mac.a in Frameworks */ = {isa = PBXBuildFile; fileRef = 1AC6FAF9180E9839004C840B /* libcocos2d Mac.a */; };
		1AC6FB30180E99EB004C840B /* libcocos2d iOS.a in Frameworks */ = {isa = PBXBuildFile; fileRef = 1AC6FB07180E9839004C840B /* libcocos2d iOS.a */; };
		1AF87B781F6F77F7007BE51C /* AppController.mm in Sources */ = {isa = PBXBuildFile; fileRef = 1AF87B481F6F77D6007BE51C /* AppController.mm */; };
		1AF87B881F6F781D007BE51C /* LaunchScreen.storyboard in Resources */ = {isa = PBXBuildFile; fileRef = 1AF87B591F6F77D6007BE51C /* LaunchScreen.storyboard */; };
		1AF87B891F6F781D007BE51C /* LaunchScreenBackground.png in Resources */ = {isa = PBXBuildFile; fileRef = 1AF87B5A1F6F77D6007BE51C /* LaunchScreenBackground.png */; };
		1AF87B8A1F6F7822007BE51C /* main.m in Sources */ = {isa = PBXBuildFile; fileRef = 1AF87B5B1F6F77D6007BE51C /* main.m */; };
		1AF87B8B1F6F782A007BE51C /* RootViewController.mm in Sources */ = {isa = PBXBuildFile; fileRef = 1AF87B5E1F6F77D6007BE51C /* RootViewController.mm */; };
		1D60589F0D05DD5A006BFB54 /* Foundation.framework in Frameworks */ = {isa = PBXBuildFile; fileRef = 1D30AB110D05D00D00671497 /* Foundation.framework */; };
		1DF5F4E00D08C38300B7A737 /* UIKit.framework in Frameworks */ = {isa = PBXBuildFile; fileRef = 1DF5F4DF0D08C38300B7A737 /* UIKit.framework */; };
		288765A50DF7441C002DB57D /* CoreGraphics.framework in Frameworks */ = {isa = PBXBuildFile; fileRef = 288765A40DF7441C002DB57D /* CoreGraphics.framework */; };
		294D0D641D0D56D500F7F5D4 /* CoreText.framework in Frameworks */ = {isa = PBXBuildFile; fileRef = 294D0D631D0D56D500F7F5D4 /* CoreText.framework */; };
		46880B7B19C43A67006E1F66 /* CloseNormal.png in Resources */ = {isa = PBXBuildFile; fileRef = 46880B7619C43A67006E1F66 /* CloseNormal.png */; };
		46880B7C19C43A67006E1F66 /* CloseNormal.png in Resources */ = {isa = PBXBuildFile; fileRef = 46880B7619C43A67006E1F66 /* CloseNormal.png */; };
		46880B7D19C43A67006E1F66 /* CloseSelected.png in Resources */ = {isa = PBXBuildFile; fileRef = 46880B7719C43A67006E1F66 /* CloseSelected.png */; };
		46880B7E19C43A67006E1F66 /* CloseSelected.png in Resources */ = {isa = PBXBuildFile; fileRef = 46880B7719C43A67006E1F66 /* CloseSelected.png */; };
		46880B8119C43A67006E1F66 /* HelloWorld.png in Resources */ = {isa = PBXBuildFile; fileRef = 46880B7A19C43A67006E1F66 /* HelloWorld.png */; };
		46880B8219C43A67006E1F66 /* HelloWorld.png in Resources */ = {isa = PBXBuildFile; fileRef = 46880B7A19C43A67006E1F66 /* HelloWorld.png */; };
		503AE0F817EB97AB00D1A890 /* Icon.icns in Resources */ = {isa = PBXBuildFile; fileRef = 503AE0F617EB97AB00D1A890 /* Icon.icns */; };
		503AE10517EB98FF00D1A890 /* main.cpp in Sources */ = {isa = PBXBuildFile; fileRef = 503AE10317EB98FF00D1A890 /* main.cpp */; };
		503AE11B17EB9C5A00D1A890 /* IOKit.framework in Frameworks */ = {isa = PBXBuildFile; fileRef = 503AE11A17EB9C5A00D1A890 /* IOKit.framework */; };
		5087E76317EB910900C73F5D /* Foundation.framework in Frameworks */ = {isa = PBXBuildFile; fileRef = 1D30AB110D05D00D00671497 /* Foundation.framework */; };
		5087E76717EB910900C73F5D /* libz.dylib in Frameworks */ = {isa = PBXBuildFile; fileRef = BF170DB412928DE900B8313A /* libz.dylib */; };
		5087E76817EB910900C73F5D /* QuartzCore.framework in Frameworks */ = {isa = PBXBuildFile; fileRef = BF1C47EA1293683800B63C5D /* QuartzCore.framework */; };
		5087E76917EB910900C73F5D /* OpenAL.framework in Frameworks */ = {isa = PBXBuildFile; fileRef = D44C620B132DFF330009C878 /* OpenAL.framework */; };
		5087E76A17EB910900C73F5D /* AVFoundation.framework in Frameworks */ = {isa = PBXBuildFile; fileRef = D44C620D132DFF430009C878 /* AVFoundation.framework */; };
		5087E76B17EB910900C73F5D /* AudioToolbox.framework in Frameworks */ = {isa = PBXBuildFile; fileRef = D44C620F132DFF4E0009C878 /* AudioToolbox.framework */; };
		5087E78917EB974C00C73F5D /* AppKit.framework in Frameworks */ = {isa = PBXBuildFile; fileRef = 5087E78817EB974C00C73F5D /* AppKit.framework */; };
		5087E78B17EB975400C73F5D /* OpenGL.framework in Frameworks */ = {isa = PBXBuildFile; fileRef = 5087E78A17EB975400C73F5D /* OpenGL.framework */; };
		521A8EA919F11F5000D177D7 /* fonts in Resources */ = {isa = PBXBuildFile; fileRef = 521A8EA819F11F5000D177D7 /* fonts */; };
		521A8EAA19F11F5000D177D7 /* fonts in Resources */ = {isa = PBXBuildFile; fileRef = 521A8EA819F11F5000D177D7 /* fonts */; };
		52B47A471A53D09C004E4C60 /* Security.framework in Frameworks */ = {isa = PBXBuildFile; fileRef = 52B47A461A53D09B004E4C60 /* Security.framework */; };
		8262943E1AAF051F00CB7CF7 /* Security.framework in Frameworks */ = {isa = PBXBuildFile; fileRef = 8262943D1AAF051F00CB7CF7 /* Security.framework */; };
		9C0A9FB421CA58FE000DC9EA /* PhysicManager.cpp in Sources */ = {isa = PBXBuildFile; fileRef = 9C0A9FB221CA58FE000DC9EA /* PhysicManager.cpp */; };
		9C0A9FB521CA58FE000DC9EA /* PhysicManager.cpp in Sources */ = {isa = PBXBuildFile; fileRef = 9C0A9FB221CA58FE000DC9EA /* PhysicManager.cpp */; };
		9C0B327421C500B700533FF4 /* BaseController.cpp in Sources */ = {isa = PBXBuildFile; fileRef = 9C0B327221C500B700533FF4 /* BaseController.cpp */; };
		9C0B327721C500CF00533FF4 /* FlyBlood.cpp in Sources */ = {isa = PBXBuildFile; fileRef = 9C0B327521C500CF00533FF4 /* FlyBlood.cpp */; };
		9C0B327B21C5010000533FF4 /* BaseRole.cpp in Sources */ = {isa = PBXBuildFile; fileRef = 9C0B327921C5010000533FF4 /* BaseRole.cpp */; };
		9C0B327F21C5012000533FF4 /* BaseAbility.cpp in Sources */ = {isa = PBXBuildFile; fileRef = 9C0B327D21C5012000533FF4 /* BaseAbility.cpp */; };
		9C30DEB721C617EE00CF5E34 /* StandAbility.cpp in Sources */ = {isa = PBXBuildFile; fileRef = 9C30DEB521C617EE00CF5E34 /* StandAbility.cpp */; };
		9C30DEC421C6671400CF5E34 /* MoveAbility.cpp in Sources */ = {isa = PBXBuildFile; fileRef = 9C30DEC221C6671400CF5E34 /* MoveAbility.cpp */; };
		9C3A5D992201403E0079AC78 /* Hostility.cpp in Sources */ = {isa = PBXBuildFile; fileRef = 9C3A5D972201403E0079AC78 /* Hostility.cpp */; };
		9C3A5D9A2201403E0079AC78 /* Hostility.cpp in Sources */ = {isa = PBXBuildFile; fileRef = 9C3A5D972201403E0079AC78 /* Hostility.cpp */; };
		9C3A5DA022014C470079AC78 /* AutoController.cpp in Sources */ = {isa = PBXBuildFile; fileRef = 9C3A5D9E22014C460079AC78 /* AutoController.cpp */; };
		9C3A5DA122014C470079AC78 /* AutoController.cpp in Sources */ = {isa = PBXBuildFile; fileRef = 9C3A5D9E22014C460079AC78 /* AutoController.cpp */; };
		9C606A7E21C2854300546A96 /* AppDelegate.cpp in Sources */ = {isa = PBXBuildFile; fileRef = 9C606A7D21C2854300546A96 /* AppDelegate.cpp */; };
		9C606A8B21C2857E00546A96 /* BattleLayer.cpp in Sources */ = {isa = PBXBuildFile; fileRef = 9C606A8521C2855300546A96 /* BattleLayer.cpp */; };
		9C606A8C21C2858200546A96 /* LoadLayer.cpp in Sources */ = {isa = PBXBuildFile; fileRef = 9C606A8421C2855300546A96 /* LoadLayer.cpp */; };
		9C606A8D21C2858500546A96 /* OpenLayer.cpp in Sources */ = {isa = PBXBuildFile; fileRef = 9C606A8321C2855300546A96 /* OpenLayer.cpp */; };
		9C606A8E21C2858800546A96 /* SceneManager.cpp in Sources */ = {isa = PBXBuildFile; fileRef = 9C606A8221C2855300546A96 /* SceneManager.cpp */; };
		9C686B3A21CDFDCC00F8AC77 /* AbilityMaster.cpp in Sources */ = {isa = PBXBuildFile; fileRef = 9C686B3821CDFDCC00F8AC77 /* AbilityMaster.cpp */; };
		9C686B3B21CDFDCC00F8AC77 /* AbilityMaster.cpp in Sources */ = {isa = PBXBuildFile; fileRef = 9C686B3821CDFDCC00F8AC77 /* AbilityMaster.cpp */; };
		9C6B3AF121C7D313001CE351 /* BaseAbility.cpp in Sources */ = {isa = PBXBuildFile; fileRef = 9C0B327D21C5012000533FF4 /* BaseAbility.cpp */; };
		9C6B3AF321C7D319001CE351 /* StandAbility.cpp in Sources */ = {isa = PBXBuildFile; fileRef = 9C30DEB521C617EE00CF5E34 /* StandAbility.cpp */; };
		9C6B3AF421C7D31B001CE351 /* MoveAbility.cpp in Sources */ = {isa = PBXBuildFile; fileRef = 9C30DEC221C6671400CF5E34 /* MoveAbility.cpp */; };
		9C6B3AF521C7D31E001CE351 /* BaseRole.cpp in Sources */ = {isa = PBXBuildFile; fileRef = 9C0B327921C5010000533FF4 /* BaseRole.cpp */; };
		9C6B3AF621C7D321001CE351 /* BaseController.cpp in Sources */ = {isa = PBXBuildFile; fileRef = 9C0B327221C500B700533FF4 /* BaseController.cpp */; };
		9C6B3AF721C7D324001CE351 /* FlyBlood.cpp in Sources */ = {isa = PBXBuildFile; fileRef = 9C0B327521C500CF00533FF4 /* FlyBlood.cpp */; };
		9C6B3AF821C7D327001CE351 /* BattleLayer.cpp in Sources */ = {isa = PBXBuildFile; fileRef = 9C606A8521C2855300546A96 /* BattleLayer.cpp */; };
		9C6B3AF921C7D32A001CE351 /* LoadLayer.cpp in Sources */ = {isa = PBXBuildFile; fileRef = 9C606A8421C2855300546A96 /* LoadLayer.cpp */; };
		9C6B3AFA21C7D32C001CE351 /* OpenLayer.cpp in Sources */ = {isa = PBXBuildFile; fileRef = 9C606A8321C2855300546A96 /* OpenLayer.cpp */; };
		9C6B3AFB21C7D32F001CE351 /* SceneManager.cpp in Sources */ = {isa = PBXBuildFile; fileRef = 9C606A8221C2855300546A96 /* SceneManager.cpp */; };
		9C6B3AFC21C7D332001CE351 /* AppDelegate.cpp in Sources */ = {isa = PBXBuildFile; fileRef = 9C606A7D21C2854300546A96 /* AppDelegate.cpp */; };
		9C83A43B21C8F2AD008CFE71 /* BloodBar.cpp in Sources */ = {isa = PBXBuildFile; fileRef = 9C83A43921C8F2AD008CFE71 /* BloodBar.cpp */; };
		9C83A43C21C8F2AD008CFE71 /* BloodBar.cpp in Sources */ = {isa = PBXBuildFile; fileRef = 9C83A43921C8F2AD008CFE71 /* BloodBar.cpp */; };
		9C8F293721D47932003B8DA4 /* AttackAbility.cpp in Sources */ = {isa = PBXBuildFile; fileRef = 9C8F293521D47932003B8DA4 /* AttackAbility.cpp */; };
		9C8F293821D47932003B8DA4 /* AttackAbility.cpp in Sources */ = {isa = PBXBuildFile; fileRef = 9C8F293521D47932003B8DA4 /* AttackAbility.cpp */; };
		9C8FE40B21FE8F7C001D1C43 /* Indicator.cpp in Sources */ = {isa = PBXBuildFile; fileRef = 9C8FE40921FE8F7C001D1C43 /* Indicator.cpp */; };
		9C8FE40C21FE8F7C001D1C43 /* Indicator.cpp in Sources */ = {isa = PBXBuildFile; fileRef = 9C8FE40921FE8F7C001D1C43 /* Indicator.cpp */; };
		9C8FE41321FF3F3B001D1C43 /* DataManager.cpp in Sources */ = {isa = PBXBuildFile; fileRef = 9C8FE41121FF3F3B001D1C43 /* DataManager.cpp */; };
		9C8FE41421FF3F3B001D1C43 /* DataManager.cpp in Sources */ = {isa = PBXBuildFile; fileRef = 9C8FE41121FF3F3B001D1C43 /* DataManager.cpp */; };
		9C8FE44322004418001D1C43 /* roleData in Resources */ = {isa = PBXBuildFile; fileRef = 9C8FE44122004418001D1C43 /* roleData */; };
		9C8FE44422004418001D1C43 /* roleData in Resources */ = {isa = PBXBuildFile; fileRef = 9C8FE44122004418001D1C43 /* roleData */; };
		9C8FE44522004418001D1C43 /* animation in Resources */ = {isa = PBXBuildFile; fileRef = 9C8FE44222004418001D1C43 /* animation */; };
		9C8FE44622004418001D1C43 /* animation in Resources */ = {isa = PBXBuildFile; fileRef = 9C8FE44222004418001D1C43 /* animation */; };
		9CD6D8D82205C21A0083A53C /* HostilityTick.cpp in Sources */ = {isa = PBXBuildFile; fileRef = 9CD6D8D62205C21A0083A53C /* HostilityTick.cpp */; };
		9CD6D8D92205C21A0083A53C /* HostilityTick.cpp in Sources */ = {isa = PBXBuildFile; fileRef = 9CD6D8D62205C21A0083A53C /* HostilityTick.cpp */; };
		BF171245129291EC00B8313A /* OpenGLES.framework in Frameworks */ = {isa = PBXBuildFile; fileRef = BF170DB012928DE900B8313A /* OpenGLES.framework */; };
		BF1712471292920000B8313A /* libz.dylib in Frameworks */ = {isa = PBXBuildFile; fileRef = BF170DB412928DE900B8313A /* libz.dylib */; };
		BF1C47F01293687400B63C5D /* QuartzCore.framework in Frameworks */ = {isa = PBXBuildFile; fileRef = BF1C47EA1293683800B63C5D /* QuartzCore.framework */; };
		D44C620C132DFF330009C878 /* OpenAL.framework in Frameworks */ = {isa = PBXBuildFile; fileRef = D44C620B132DFF330009C878 /* OpenAL.framework */; };
		D44C620E132DFF430009C878 /* AVFoundation.framework in Frameworks */ = {isa = PBXBuildFile; fileRef = D44C620D132DFF430009C878 /* AVFoundation.framework */; };
		D44C6210132DFF4E0009C878 /* AudioToolbox.framework in Frameworks */ = {isa = PBXBuildFile; fileRef = D44C620F132DFF4E0009C878 /* AudioToolbox.framework */; };
		D6B0611B1803AB670077942B /* CoreMotion.framework in Frameworks */ = {isa = PBXBuildFile; fileRef = D6B0611A1803AB670077942B /* CoreMotion.framework */; };
		ED545A7C1B68A1F400C3958E /* libiconv.dylib in Frameworks */ = {isa = PBXBuildFile; fileRef = ED545A7B1B68A1F400C3958E /* libiconv.dylib */; };
		ED545A7E1B68A1FA00C3958E /* libiconv.dylib in Frameworks */ = {isa = PBXBuildFile; fileRef = ED545A7D1B68A1FA00C3958E /* libiconv.dylib */; };
/* End PBXBuildFile section */

/* Begin PBXContainerItemProxy section */
		1A7533E21F6F75F6007E8E6F /* PBXContainerItemProxy */ = {
			isa = PBXContainerItemProxy;
			containerPortal = 1AC6FAE5180E9839004C840B /* cocos2d_libs.xcodeproj */;
			proxyType = 2;
			remoteGlobalIDString = 507B40FD1C31BDD30067B53E;
			remoteInfo = "libcocos2d tvOS";
		};
		1AC6FAF8180E9839004C840B /* PBXContainerItemProxy */ = {
			isa = PBXContainerItemProxy;
			containerPortal = 1AC6FAE5180E9839004C840B /* cocos2d_libs.xcodeproj */;
			proxyType = 2;
			remoteGlobalIDString = 1551A33F158F2AB200E66CFE;
			remoteInfo = "cocos2dx Mac";
		};
		1AC6FB06180E9839004C840B /* PBXContainerItemProxy */ = {
			isa = PBXContainerItemProxy;
			containerPortal = 1AC6FAE5180E9839004C840B /* cocos2d_libs.xcodeproj */;
			proxyType = 2;
			remoteGlobalIDString = A07A4D641783777C0073F6A7;
			remoteInfo = "cocos2dx iOS";
		};
		1AC6FB15180E9959004C840B /* PBXContainerItemProxy */ = {
			isa = PBXContainerItemProxy;
			containerPortal = 1AC6FAE5180E9839004C840B /* cocos2d_libs.xcodeproj */;
			proxyType = 1;
			remoteGlobalIDString = 1551A33E158F2AB200E66CFE;
			remoteInfo = "cocos2dx Mac";
		};
		1AC6FB24180E99E1004C840B /* PBXContainerItemProxy */ = {
			isa = PBXContainerItemProxy;
			containerPortal = 1AC6FAE5180E9839004C840B /* cocos2d_libs.xcodeproj */;
			proxyType = 1;
			remoteGlobalIDString = A07A4C241783777C0073F6A7;
			remoteInfo = "cocos2dx iOS";
		};
/* End PBXContainerItemProxy section */

/* Begin PBXFileReference section */
		1A88B2631FC3D9C9005C14AE /* Images.xcassets */ = {isa = PBXFileReference; lastKnownFileType = folder.assetcatalog; path = Images.xcassets; sourceTree = "<group>"; };
		1AC6FAE5180E9839004C840B /* cocos2d_libs.xcodeproj */ = {isa = PBXFileReference; lastKnownFileType = "wrapper.pb-project"; name = cocos2d_libs.xcodeproj; path = ../cocos2d/build/cocos2d_libs.xcodeproj; sourceTree = "<group>"; };
		1ACB3243164770DE00914215 /* libcurl.a */ = {isa = PBXFileReference; lastKnownFileType = archive.ar; name = libcurl.a; path = ../../cocos2dx/platform/third_party/ios/libraries/libcurl.a; sourceTree = "<group>"; };
		1AF87B471F6F77D6007BE51C /* AppController.h */ = {isa = PBXFileReference; lastKnownFileType = sourcecode.c.h; path = AppController.h; sourceTree = "<group>"; };
		1AF87B481F6F77D6007BE51C /* AppController.mm */ = {isa = PBXFileReference; lastKnownFileType = sourcecode.cpp.objcpp; path = AppController.mm; sourceTree = "<group>"; };
		1AF87B581F6F77D6007BE51C /* Info.plist */ = {isa = PBXFileReference; lastKnownFileType = text.plist.xml; path = Info.plist; sourceTree = "<group>"; };
		1AF87B591F6F77D6007BE51C /* LaunchScreen.storyboard */ = {isa = PBXFileReference; lastKnownFileType = file.storyboard; path = LaunchScreen.storyboard; sourceTree = "<group>"; };
		1AF87B5A1F6F77D6007BE51C /* LaunchScreenBackground.png */ = {isa = PBXFileReference; lastKnownFileType = image.png; path = LaunchScreenBackground.png; sourceTree = "<group>"; };
		1AF87B5B1F6F77D6007BE51C /* main.m */ = {isa = PBXFileReference; lastKnownFileType = sourcecode.c.objc; path = main.m; sourceTree = "<group>"; };
		1AF87B5C1F6F77D6007BE51C /* Prefix.pch */ = {isa = PBXFileReference; lastKnownFileType = sourcecode.c.h; path = Prefix.pch; sourceTree = "<group>"; };
		1AF87B5D1F6F77D6007BE51C /* RootViewController.h */ = {isa = PBXFileReference; lastKnownFileType = sourcecode.c.h; path = RootViewController.h; sourceTree = "<group>"; };
		1AF87B5E1F6F77D6007BE51C /* RootViewController.mm */ = {isa = PBXFileReference; lastKnownFileType = sourcecode.cpp.objcpp; path = RootViewController.mm; sourceTree = "<group>"; };
		1D30AB110D05D00D00671497 /* Foundation.framework */ = {isa = PBXFileReference; lastKnownFileType = wrapper.framework; name = Foundation.framework; path = System/Library/Frameworks/Foundation.framework; sourceTree = SDKROOT; };
		1D6058910D05DD3D006BFB54 /* battleheart-mobile.app */ = {isa = PBXFileReference; explicitFileType = wrapper.application; includeInIndex = 0; path = "battleheart-mobile.app"; sourceTree = BUILT_PRODUCTS_DIR; };
		1DF5F4DF0D08C38300B7A737 /* UIKit.framework */ = {isa = PBXFileReference; lastKnownFileType = wrapper.framework; name = UIKit.framework; path = System/Library/Frameworks/UIKit.framework; sourceTree = SDKROOT; };
		288765A40DF7441C002DB57D /* CoreGraphics.framework */ = {isa = PBXFileReference; lastKnownFileType = wrapper.framework; name = CoreGraphics.framework; path = System/Library/Frameworks/CoreGraphics.framework; sourceTree = SDKROOT; };
		294D0D631D0D56D500F7F5D4 /* CoreText.framework */ = {isa = PBXFileReference; lastKnownFileType = wrapper.framework; name = CoreText.framework; path = Platforms/iPhoneOS.platform/Developer/SDKs/iPhoneOS.sdk/System/Library/Frameworks/CoreText.framework; sourceTree = DEVELOPER_DIR; };
		46880B7619C43A67006E1F66 /* CloseNormal.png */ = {isa = PBXFileReference; lastKnownFileType = image.png; path = CloseNormal.png; sourceTree = "<group>"; };
		46880B7719C43A67006E1F66 /* CloseSelected.png */ = {isa = PBXFileReference; lastKnownFileType = image.png; path = CloseSelected.png; sourceTree = "<group>"; };
		46880B7A19C43A67006E1F66 /* HelloWorld.png */ = {isa = PBXFileReference; lastKnownFileType = image.png; path = HelloWorld.png; sourceTree = "<group>"; };
		503AE0F617EB97AB00D1A890 /* Icon.icns */ = {isa = PBXFileReference; lastKnownFileType = image.icns; path = Icon.icns; sourceTree = "<group>"; };
		503AE0F717EB97AB00D1A890 /* Info.plist */ = {isa = PBXFileReference; fileEncoding = 4; lastKnownFileType = text.plist.xml; path = Info.plist; sourceTree = "<group>"; };
		503AE10317EB98FF00D1A890 /* main.cpp */ = {isa = PBXFileReference; fileEncoding = 4; lastKnownFileType = sourcecode.cpp.cpp; name = main.cpp; path = mac/main.cpp; sourceTree = "<group>"; };
		503AE10417EB98FF00D1A890 /* Prefix.pch */ = {isa = PBXFileReference; fileEncoding = 4; lastKnownFileType = sourcecode.c.h; name = Prefix.pch; path = mac/Prefix.pch; sourceTree = "<group>"; };
		503AE11117EB99EE00D1A890 /* libcurl.dylib */ = {isa = PBXFileReference; lastKnownFileType = "compiled.mach-o.dylib"; name = libcurl.dylib; path = usr/lib/libcurl.dylib; sourceTree = SDKROOT; };
		503AE11A17EB9C5A00D1A890 /* IOKit.framework */ = {isa = PBXFileReference; lastKnownFileType = wrapper.framework; name = IOKit.framework; path = System/Library/Frameworks/IOKit.framework; sourceTree = SDKROOT; };
		5087E76F17EB910900C73F5D /* battleheart-desktop.app */ = {isa = PBXFileReference; explicitFileType = wrapper.application; includeInIndex = 0; path = "battleheart-desktop.app"; sourceTree = BUILT_PRODUCTS_DIR; };
		5087E78817EB974C00C73F5D /* AppKit.framework */ = {isa = PBXFileReference; lastKnownFileType = wrapper.framework; name = AppKit.framework; path = System/Library/Frameworks/AppKit.framework; sourceTree = SDKROOT; };
		5087E78A17EB975400C73F5D /* OpenGL.framework */ = {isa = PBXFileReference; lastKnownFileType = wrapper.framework; name = OpenGL.framework; path = System/Library/Frameworks/OpenGL.framework; sourceTree = SDKROOT; };
		521A8EA819F11F5000D177D7 /* fonts */ = {isa = PBXFileReference; lastKnownFileType = folder; path = fonts; sourceTree = "<group>"; };
		52B47A461A53D09B004E4C60 /* Security.framework */ = {isa = PBXFileReference; lastKnownFileType = wrapper.framework; name = Security.framework; path = Platforms/iPhoneOS.platform/Developer/SDKs/iPhoneOS.sdk/System/Library/Frameworks/Security.framework; sourceTree = DEVELOPER_DIR; };
		8262943D1AAF051F00CB7CF7 /* Security.framework */ = {isa = PBXFileReference; lastKnownFileType = wrapper.framework; name = Security.framework; path = System/Library/Frameworks/Security.framework; sourceTree = SDKROOT; };
		9C0A9FB221CA58FE000DC9EA /* PhysicManager.cpp */ = {isa = PBXFileReference; lastKnownFileType = sourcecode.cpp.cpp; path = PhysicManager.cpp; sourceTree = "<group>"; };
		9C0A9FB321CA58FE000DC9EA /* PhysicManager.hpp */ = {isa = PBXFileReference; lastKnownFileType = sourcecode.cpp.h; path = PhysicManager.hpp; sourceTree = "<group>"; };
		9C0B327221C500B700533FF4 /* BaseController.cpp */ = {isa = PBXFileReference; lastKnownFileType = sourcecode.cpp.cpp; path = BaseController.cpp; sourceTree = "<group>"; };
		9C0B327321C500B700533FF4 /* BaseController.hpp */ = {isa = PBXFileReference; lastKnownFileType = sourcecode.cpp.h; path = BaseController.hpp; sourceTree = "<group>"; };
		9C0B327521C500CF00533FF4 /* FlyBlood.cpp */ = {isa = PBXFileReference; lastKnownFileType = sourcecode.cpp.cpp; path = FlyBlood.cpp; sourceTree = "<group>"; };
		9C0B327621C500CF00533FF4 /* FlyBlood.hpp */ = {isa = PBXFileReference; lastKnownFileType = sourcecode.cpp.h; path = FlyBlood.hpp; sourceTree = "<group>"; };
		9C0B327921C5010000533FF4 /* BaseRole.cpp */ = {isa = PBXFileReference; lastKnownFileType = sourcecode.cpp.cpp; path = BaseRole.cpp; sourceTree = "<group>"; };
		9C0B327A21C5010000533FF4 /* BaseRole.hpp */ = {isa = PBXFileReference; lastKnownFileType = sourcecode.cpp.h; path = BaseRole.hpp; sourceTree = "<group>"; };
		9C0B327D21C5012000533FF4 /* BaseAbility.cpp */ = {isa = PBXFileReference; lastKnownFileType = sourcecode.cpp.cpp; path = BaseAbility.cpp; sourceTree = "<group>"; };
		9C0B327E21C5012000533FF4 /* BaseAbility.hpp */ = {isa = PBXFileReference; lastKnownFileType = sourcecode.cpp.h; path = BaseAbility.hpp; sourceTree = "<group>"; };
		9C30DEB521C617EE00CF5E34 /* StandAbility.cpp */ = {isa = PBXFileReference; lastKnownFileType = sourcecode.cpp.cpp; path = StandAbility.cpp; sourceTree = "<group>"; };
		9C30DEB621C617EE00CF5E34 /* StandAbility.hpp */ = {isa = PBXFileReference; lastKnownFileType = sourcecode.cpp.h; path = StandAbility.hpp; sourceTree = "<group>"; };
		9C30DEC221C6671400CF5E34 /* MoveAbility.cpp */ = {isa = PBXFileReference; lastKnownFileType = sourcecode.cpp.cpp; path = MoveAbility.cpp; sourceTree = "<group>"; };
		9C30DEC321C6671400CF5E34 /* MoveAbility.hpp */ = {isa = PBXFileReference; lastKnownFileType = sourcecode.cpp.h; path = MoveAbility.hpp; sourceTree = "<group>"; };
		9C3A5D972201403E0079AC78 /* Hostility.cpp */ = {isa = PBXFileReference; lastKnownFileType = sourcecode.cpp.cpp; path = Hostility.cpp; sourceTree = "<group>"; };
		9C3A5D982201403E0079AC78 /* Hostility.hpp */ = {isa = PBXFileReference; lastKnownFileType = sourcecode.cpp.h; path = Hostility.hpp; sourceTree = "<group>"; };
		9C3A5D9E22014C460079AC78 /* AutoController.cpp */ = {isa = PBXFileReference; lastKnownFileType = sourcecode.cpp.cpp; path = AutoController.cpp; sourceTree = "<group>"; };
		9C3A5D9F22014C470079AC78 /* AutoController.hpp */ = {isa = PBXFileReference; lastKnownFileType = sourcecode.cpp.h; path = AutoController.hpp; sourceTree = "<group>"; };
		9C606A7C21C2854300546A96 /* AppDelegate.h */ = {isa = PBXFileReference; fileEncoding = 4; lastKnownFileType = sourcecode.c.h; path = AppDelegate.h; sourceTree = "<group>"; };
		9C606A7D21C2854300546A96 /* AppDelegate.cpp */ = {isa = PBXFileReference; fileEncoding = 4; lastKnownFileType = sourcecode.cpp.cpp; path = AppDelegate.cpp; sourceTree = "<group>"; };
		9C606A7F21C2855300546A96 /* OpenLayer.hpp */ = {isa = PBXFileReference; fileEncoding = 4; lastKnownFileType = sourcecode.cpp.h; path = OpenLayer.hpp; sourceTree = "<group>"; };
		9C606A8021C2855300546A96 /* BattleLayer.hpp */ = {isa = PBXFileReference; fileEncoding = 4; lastKnownFileType = sourcecode.cpp.h; path = BattleLayer.hpp; sourceTree = "<group>"; };
		9C606A8121C2855300546A96 /* LoadLayer.hpp */ = {isa = PBXFileReference; fileEncoding = 4; lastKnownFileType = sourcecode.cpp.h; path = LoadLayer.hpp; sourceTree = "<group>"; };
		9C606A8221C2855300546A96 /* SceneManager.cpp */ = {isa = PBXFileReference; fileEncoding = 4; lastKnownFileType = sourcecode.cpp.cpp; path = SceneManager.cpp; sourceTree = "<group>"; };
		9C606A8321C2855300546A96 /* OpenLayer.cpp */ = {isa = PBXFileReference; fileEncoding = 4; lastKnownFileType = sourcecode.cpp.cpp; path = OpenLayer.cpp; sourceTree = "<group>"; };
		9C606A8421C2855300546A96 /* LoadLayer.cpp */ = {isa = PBXFileReference; fileEncoding = 4; lastKnownFileType = sourcecode.cpp.cpp; path = LoadLayer.cpp; sourceTree = "<group>"; };
		9C606A8521C2855300546A96 /* BattleLayer.cpp */ = {isa = PBXFileReference; fileEncoding = 4; lastKnownFileType = sourcecode.cpp.cpp; path = BattleLayer.cpp; sourceTree = "<group>"; };
		9C606A8621C2855400546A96 /* SceneManager.hpp */ = {isa = PBXFileReference; fileEncoding = 4; lastKnownFileType = sourcecode.cpp.h; path = SceneManager.hpp; sourceTree = "<group>"; };
		9C686B3821CDFDCC00F8AC77 /* AbilityMaster.cpp */ = {isa = PBXFileReference; lastKnownFileType = sourcecode.cpp.cpp; path = AbilityMaster.cpp; sourceTree = "<group>"; };
		9C686B3921CDFDCC00F8AC77 /* AbilityMaster.hpp */ = {isa = PBXFileReference; lastKnownFileType = sourcecode.cpp.h; path = AbilityMaster.hpp; sourceTree = "<group>"; };
		9C83A43921C8F2AD008CFE71 /* BloodBar.cpp */ = {isa = PBXFileReference; lastKnownFileType = sourcecode.cpp.cpp; path = BloodBar.cpp; sourceTree = "<group>"; };
		9C83A43A21C8F2AD008CFE71 /* BloodBar.hpp */ = {isa = PBXFileReference; lastKnownFileType = sourcecode.cpp.h; path = BloodBar.hpp; sourceTree = "<group>"; };
		9C8F293521D47932003B8DA4 /* AttackAbility.cpp */ = {isa = PBXFileReference; lastKnownFileType = sourcecode.cpp.cpp; path = AttackAbility.cpp; sourceTree = "<group>"; };
		9C8F293621D47932003B8DA4 /* AttackAbility.hpp */ = {isa = PBXFileReference; lastKnownFileType = sourcecode.cpp.h; path = AttackAbility.hpp; sourceTree = "<group>"; };
		9C8FE40921FE8F7C001D1C43 /* Indicator.cpp */ = {isa = PBXFileReference; lastKnownFileType = sourcecode.cpp.cpp; path = Indicator.cpp; sourceTree = "<group>"; };
		9C8FE40A21FE8F7C001D1C43 /* Indicator.hpp */ = {isa = PBXFileReference; lastKnownFileType = sourcecode.cpp.h; path = Indicator.hpp; sourceTree = "<group>"; };
		9C8FE41121FF3F3B001D1C43 /* DataManager.cpp */ = {isa = PBXFileReference; lastKnownFileType = sourcecode.cpp.cpp; path = DataManager.cpp; sourceTree = "<group>"; };
		9C8FE41221FF3F3B001D1C43 /* DataManager.hpp */ = {isa = PBXFileReference; lastKnownFileType = sourcecode.cpp.h; path = DataManager.hpp; sourceTree = "<group>"; };
		9C8FE44122004418001D1C43 /* roleData */ = {isa = PBXFileReference; lastKnownFileType = folder; path = roleData; sourceTree = "<group>"; };
		9C8FE44222004418001D1C43 /* animation */ = {isa = PBXFileReference; lastKnownFileType = folder; path = animation; sourceTree = "<group>"; };
		9CD6D8D0220470E40083A53C /* allHead.hpp */ = {isa = PBXFileReference; lastKnownFileType = sourcecode.cpp.h; path = allHead.hpp; sourceTree = "<group>"; };
		9CD6D8D62205C21A0083A53C /* HostilityTick.cpp */ = {isa = PBXFileReference; lastKnownFileType = sourcecode.cpp.cpp; path = HostilityTick.cpp; sourceTree = "<group>"; };
		9CD6D8D72205C21A0083A53C /* HostilityTick.hpp */ = {isa = PBXFileReference; lastKnownFileType = sourcecode.cpp.h; path = HostilityTick.hpp; sourceTree = "<group>"; };
		BF170DB012928DE900B8313A /* OpenGLES.framework */ = {isa = PBXFileReference; lastKnownFileType = wrapper.framework; name = OpenGLES.framework; path = System/Library/Frameworks/OpenGLES.framework; sourceTree = SDKROOT; };
		BF170DB412928DE900B8313A /* libz.dylib */ = {isa = PBXFileReference; lastKnownFileType = "compiled.mach-o.dylib"; name = libz.dylib; path = usr/lib/libz.dylib; sourceTree = SDKROOT; };
		BF1C47EA1293683800B63C5D /* QuartzCore.framework */ = {isa = PBXFileReference; lastKnownFileType = wrapper.framework; name = QuartzCore.framework; path = System/Library/Frameworks/QuartzCore.framework; sourceTree = SDKROOT; };
		D44C620B132DFF330009C878 /* OpenAL.framework */ = {isa = PBXFileReference; lastKnownFileType = wrapper.framework; name = OpenAL.framework; path = System/Library/Frameworks/OpenAL.framework; sourceTree = SDKROOT; };
		D44C620D132DFF430009C878 /* AVFoundation.framework */ = {isa = PBXFileReference; lastKnownFileType = wrapper.framework; name = AVFoundation.framework; path = System/Library/Frameworks/AVFoundation.framework; sourceTree = SDKROOT; };
		D44C620F132DFF4E0009C878 /* AudioToolbox.framework */ = {isa = PBXFileReference; lastKnownFileType = wrapper.framework; name = AudioToolbox.framework; path = System/Library/Frameworks/AudioToolbox.framework; sourceTree = SDKROOT; };
		D6B0611A1803AB670077942B /* CoreMotion.framework */ = {isa = PBXFileReference; lastKnownFileType = wrapper.framework; name = CoreMotion.framework; path = Platforms/iPhoneOS.platform/Developer/SDKs/iPhoneOS.sdk/System/Library/Frameworks/CoreMotion.framework; sourceTree = DEVELOPER_DIR; };
		ED545A7B1B68A1F400C3958E /* libiconv.dylib */ = {isa = PBXFileReference; lastKnownFileType = "compiled.mach-o.dylib"; name = libiconv.dylib; path = Platforms/iPhoneOS.platform/Developer/SDKs/iPhoneOS.sdk/usr/lib/libiconv.dylib; sourceTree = DEVELOPER_DIR; };
		ED545A7D1B68A1FA00C3958E /* libiconv.dylib */ = {isa = PBXFileReference; lastKnownFileType = "compiled.mach-o.dylib"; name = libiconv.dylib; path = usr/lib/libiconv.dylib; sourceTree = SDKROOT; };
/* End PBXFileReference section */

/* Begin PBXFrameworksBuildPhase section */
		1D60588F0D05DD3D006BFB54 /* Frameworks */ = {
			isa = PBXFrameworksBuildPhase;
			buildActionMask = 2147483647;
			files = (
				294D0D641D0D56D500F7F5D4 /* CoreText.framework in Frameworks */,
				ED545A7C1B68A1F400C3958E /* libiconv.dylib in Frameworks */,
				52B47A471A53D09C004E4C60 /* Security.framework in Frameworks */,
				1AC6FB30180E99EB004C840B /* libcocos2d iOS.a in Frameworks */,
				D6B0611B1803AB670077942B /* CoreMotion.framework in Frameworks */,
				1D60589F0D05DD5A006BFB54 /* Foundation.framework in Frameworks */,
				1DF5F4E00D08C38300B7A737 /* UIKit.framework in Frameworks */,
				288765A50DF7441C002DB57D /* CoreGraphics.framework in Frameworks */,
				BF171245129291EC00B8313A /* OpenGLES.framework in Frameworks */,
				BF1712471292920000B8313A /* libz.dylib in Frameworks */,
				BF1C47F01293687400B63C5D /* QuartzCore.framework in Frameworks */,
				D44C620C132DFF330009C878 /* OpenAL.framework in Frameworks */,
				D44C620E132DFF430009C878 /* AVFoundation.framework in Frameworks */,
				D44C6210132DFF4E0009C878 /* AudioToolbox.framework in Frameworks */,
			);
			runOnlyForDeploymentPostprocessing = 0;
		};
		5087E75C17EB910900C73F5D /* Frameworks */ = {
			isa = PBXFrameworksBuildPhase;
			buildActionMask = 2147483647;
			files = (
				ED545A7E1B68A1FA00C3958E /* libiconv.dylib in Frameworks */,
				1AC6FB21180E996B004C840B /* libcocos2d Mac.a in Frameworks */,
				5087E76717EB910900C73F5D /* libz.dylib in Frameworks */,
				8262943E1AAF051F00CB7CF7 /* Security.framework in Frameworks */,
				503AE11B17EB9C5A00D1A890 /* IOKit.framework in Frameworks */,
				5087E78B17EB975400C73F5D /* OpenGL.framework in Frameworks */,
				5087E78917EB974C00C73F5D /* AppKit.framework in Frameworks */,
				5087E76317EB910900C73F5D /* Foundation.framework in Frameworks */,
				5087E76817EB910900C73F5D /* QuartzCore.framework in Frameworks */,
				5087E76917EB910900C73F5D /* OpenAL.framework in Frameworks */,
				5087E76A17EB910900C73F5D /* AVFoundation.framework in Frameworks */,
				5087E76B17EB910900C73F5D /* AudioToolbox.framework in Frameworks */,
			);
			runOnlyForDeploymentPostprocessing = 0;
		};
/* End PBXFrameworksBuildPhase section */

/* Begin PBXGroup section */
		19C28FACFE9D520D11CA2CBB /* Products */ = {
			isa = PBXGroup;
			children = (
				1D6058910D05DD3D006BFB54 /* battleheart-mobile.app */,
				5087E76F17EB910900C73F5D /* battleheart-desktop.app */,
			);
			name = Products;
			sourceTree = "<group>";
		};
		1AC6FAE6180E9839004C840B /* Products */ = {
			isa = PBXGroup;
			children = (
				1AC6FAF9180E9839004C840B /* libcocos2d Mac.a */,
				1AC6FB07180E9839004C840B /* libcocos2d iOS.a */,
				1A7533E31F6F75F6007E8E6F /* libcocos2d tvOS.a */,
			);
			name = Products;
			sourceTree = "<group>";
		};
		1AF87B461F6F77D6007BE51C /* ios */ = {
			isa = PBXGroup;
			children = (
				1A88B2631FC3D9C9005C14AE /* Images.xcassets */,
				1AF87B471F6F77D6007BE51C /* AppController.h */,
				1AF87B481F6F77D6007BE51C /* AppController.mm */,
				1AF87B581F6F77D6007BE51C /* Info.plist */,
				1AF87B591F6F77D6007BE51C /* LaunchScreen.storyboard */,
				1AF87B5A1F6F77D6007BE51C /* LaunchScreenBackground.png */,
				1AF87B5B1F6F77D6007BE51C /* main.m */,
				1AF87B5C1F6F77D6007BE51C /* Prefix.pch */,
				1AF87B5D1F6F77D6007BE51C /* RootViewController.h */,
				1AF87B5E1F6F77D6007BE51C /* RootViewController.mm */,
			);
			path = ios;
			sourceTree = "<group>";
		};
		29B97314FDCFA39411CA2CEA /* CustomTemplate */ = {
			isa = PBXGroup;
			children = (
				46880B8319C43A87006E1F66 /* Classes */,
				46880B7519C43A67006E1F66 /* Resources */,
				1AC6FAE5180E9839004C840B /* cocos2d_libs.xcodeproj */,
				29B97323FDCFA39411CA2CEA /* Frameworks */,
				1AF87B461F6F77D6007BE51C /* ios */,
				503AE10617EB990700D1A890 /* mac */,
				19C28FACFE9D520D11CA2CBB /* Products */,
			);
			name = CustomTemplate;
			sourceTree = "<group>";
		};
		29B97323FDCFA39411CA2CEA /* Frameworks */ = {
			isa = PBXGroup;
			children = (
				294D0D631D0D56D500F7F5D4 /* CoreText.framework */,
				ED545A7D1B68A1FA00C3958E /* libiconv.dylib */,
				ED545A7B1B68A1F400C3958E /* libiconv.dylib */,
				8262943D1AAF051F00CB7CF7 /* Security.framework */,
				52B47A461A53D09B004E4C60 /* Security.framework */,
				D6B0611A1803AB670077942B /* CoreMotion.framework */,
				503AE11A17EB9C5A00D1A890 /* IOKit.framework */,
				503AE11117EB99EE00D1A890 /* libcurl.dylib */,
				5087E78A17EB975400C73F5D /* OpenGL.framework */,
				5087E78817EB974C00C73F5D /* AppKit.framework */,
				1ACB3243164770DE00914215 /* libcurl.a */,
				BF170DB412928DE900B8313A /* libz.dylib */,
				D44C620F132DFF4E0009C878 /* AudioToolbox.framework */,
				D44C620D132DFF430009C878 /* AVFoundation.framework */,
				288765A40DF7441C002DB57D /* CoreGraphics.framework */,
				1D30AB110D05D00D00671497 /* Foundation.framework */,
				D44C620B132DFF330009C878 /* OpenAL.framework */,
				BF170DB012928DE900B8313A /* OpenGLES.framework */,
				BF1C47EA1293683800B63C5D /* QuartzCore.framework */,
				1DF5F4DF0D08C38300B7A737 /* UIKit.framework */,
			);
			name = Frameworks;
			sourceTree = "<group>";
		};
		46880B7519C43A67006E1F66 /* Resources */ = {
			isa = PBXGroup;
			children = (
				9C8FE44222004418001D1C43 /* animation */,
				9C8FE44122004418001D1C43 /* roleData */,
				521A8EA819F11F5000D177D7 /* fonts */,
				46880B7619C43A67006E1F66 /* CloseNormal.png */,
				46880B7719C43A67006E1F66 /* CloseSelected.png */,
				46880B7A19C43A67006E1F66 /* HelloWorld.png */,
			);
			name = Resources;
			path = ../Resources;
			sourceTree = "<group>";
		};
		46880B8319C43A87006E1F66 /* Classes */ = {
			isa = PBXGroup;
			children = (
				9CD6D8D4220484280083A53C /* Controller */,
				9C8FE40F21FF3711001D1C43 /* Data */,
				9C0B327C21C5010500533FF4 /* Ability */,
				9C0B327021C5009900533FF4 /* Tool */,
				9C0B327821C500E200533FF4 /* Role */,
				9C3C6A2C21C3D7000033F128 /* Scene */,
				9C606A7D21C2854300546A96 /* AppDelegate.cpp */,
				9C606A7C21C2854300546A96 /* AppDelegate.h */,
				9CD6D8D0220470E40083A53C /* allHead.hpp */,
			);
			name = Classes;
			path = ../Classes;
			sourceTree = "<group>";
		};
		503AE0F517EB97AB00D1A890 /* Icons */ = {
			isa = PBXGroup;
			children = (
				503AE0F617EB97AB00D1A890 /* Icon.icns */,
				503AE0F717EB97AB00D1A890 /* Info.plist */,
			);
			name = Icons;
			path = mac;
			sourceTree = SOURCE_ROOT;
		};
		503AE10617EB990700D1A890 /* mac */ = {
			isa = PBXGroup;
			children = (
				503AE0F517EB97AB00D1A890 /* Icons */,
				503AE10317EB98FF00D1A890 /* main.cpp */,
				503AE10417EB98FF00D1A890 /* Prefix.pch */,
			);
			name = mac;
			sourceTree = "<group>";
		};
		9C0B327021C5009900533FF4 /* Tool */ = {
			isa = PBXGroup;
			children = (
				9C0A9FB221CA58FE000DC9EA /* PhysicManager.cpp */,
				9C0A9FB321CA58FE000DC9EA /* PhysicManager.hpp */,
			);
			path = Tool;
			sourceTree = "<group>";
		};
		9C0B327821C500E200533FF4 /* Role */ = {
			isa = PBXGroup;
			children = (
				9C0B327A21C5010000533FF4 /* BaseRole.hpp */,
				9C0B327921C5010000533FF4 /* BaseRole.cpp */,
				9C83A43A21C8F2AD008CFE71 /* BloodBar.hpp */,
				9C83A43921C8F2AD008CFE71 /* BloodBar.cpp */,
				9C0B327621C500CF00533FF4 /* FlyBlood.hpp */,
				9C0B327521C500CF00533FF4 /* FlyBlood.cpp */,
				9C8FE40A21FE8F7C001D1C43 /* Indicator.hpp */,
				9C8FE40921FE8F7C001D1C43 /* Indicator.cpp */,
			);
			path = Role;
			sourceTree = "<group>";
		};
		9C0B327C21C5010500533FF4 /* Ability */ = {
			isa = PBXGroup;
			children = (
				9C0B327D21C5012000533FF4 /* BaseAbility.cpp */,
				9C0B327E21C5012000533FF4 /* BaseAbility.hpp */,
				9C30DEB521C617EE00CF5E34 /* StandAbility.cpp */,
				9C30DEB621C617EE00CF5E34 /* StandAbility.hpp */,
				9C30DEC221C6671400CF5E34 /* MoveAbility.cpp */,
				9C30DEC321C6671400CF5E34 /* MoveAbility.hpp */,
				9C8F293521D47932003B8DA4 /* AttackAbility.cpp */,
				9C8F293621D47932003B8DA4 /* AttackAbility.hpp */,
				9C686B3821CDFDCC00F8AC77 /* AbilityMaster.cpp */,
				9C686B3921CDFDCC00F8AC77 /* AbilityMaster.hpp */,
			);
			path = Ability;
			sourceTree = "<group>";
		};
		9C3C6A2C21C3D7000033F128 /* Scene */ = {
			isa = PBXGroup;
			children = (
				9C606A8521C2855300546A96 /* BattleLayer.cpp */,
				9C606A8021C2855300546A96 /* BattleLayer.hpp */,
				9C606A8421C2855300546A96 /* LoadLayer.cpp */,
				9C606A8121C2855300546A96 /* LoadLayer.hpp */,
				9C606A8321C2855300546A96 /* OpenLayer.cpp */,
				9C606A7F21C2855300546A96 /* OpenLayer.hpp */,
				9C606A8221C2855300546A96 /* SceneManager.cpp */,
				9C606A8621C2855400546A96 /* SceneManager.hpp */,
			);
			path = Scene;
			sourceTree = "<group>";
		};
		9C8FE40F21FF3711001D1C43 /* Data */ = {
			isa = PBXGroup;
			children = (
				9C8FE41121FF3F3B001D1C43 /* DataManager.cpp */,
				9C8FE41221FF3F3B001D1C43 /* DataManager.hpp */,
			);
			path = Data;
			sourceTree = "<group>";
		};
		9CD6D8D4220484280083A53C /* Controller */ = {
			isa = PBXGroup;
			children = (
				9C0B327221C500B700533FF4 /* BaseController.cpp */,
				9C0B327321C500B700533FF4 /* BaseController.hpp */,
				9C3A5D9E22014C460079AC78 /* AutoController.cpp */,
				9C3A5D9F22014C470079AC78 /* AutoController.hpp */,
				9C3A5D972201403E0079AC78 /* Hostility.cpp */,
				9C3A5D982201403E0079AC78 /* Hostility.hpp */,
				9CD6D8D62205C21A0083A53C /* HostilityTick.cpp */,
				9CD6D8D72205C21A0083A53C /* HostilityTick.hpp */,
			);
			path = Controller;
			sourceTree = "<group>";
		};
/* End PBXGroup section */

/* Begin PBXNativeTarget section */
		1D6058900D05DD3D006BFB54 /* battleheart-mobile */ = {
			isa = PBXNativeTarget;
			buildConfigurationList = 1D6058960D05DD3E006BFB54 /* Build configuration list for PBXNativeTarget "battleheart-mobile" */;
			buildPhases = (
				1D60588D0D05DD3D006BFB54 /* Resources */,
				1D60588E0D05DD3D006BFB54 /* Sources */,
				1D60588F0D05DD3D006BFB54 /* Frameworks */,
			);
			buildRules = (
			);
			dependencies = (
				1AC6FB25180E99E1004C840B /* PBXTargetDependency */,
			);
			name = "battleheart-mobile";
			productName = iphone;
			productReference = 1D6058910D05DD3D006BFB54 /* battleheart-mobile.app */;
			productType = "com.apple.product-type.application";
		};
		5087E73D17EB910900C73F5D /* battleheart-desktop */ = {
			isa = PBXNativeTarget;
			buildConfigurationList = 5087E76C17EB910900C73F5D /* Build configuration list for PBXNativeTarget "battleheart-desktop" */;
			buildPhases = (
				5087E74817EB910900C73F5D /* Resources */,
				5087E75617EB910900C73F5D /* Sources */,
				5087E75C17EB910900C73F5D /* Frameworks */,
			);
			buildRules = (
			);
			dependencies = (
				1AC6FB16180E9959004C840B /* PBXTargetDependency */,
			);
			name = "battleheart-desktop";
			productName = iphone;
			productReference = 5087E76F17EB910900C73F5D /* battleheart-desktop.app */;
			productType = "com.apple.product-type.application";
		};
/* End PBXNativeTarget section */

/* Begin PBXProject section */
		29B97313FDCFA39411CA2CEA /* Project object */ = {
			isa = PBXProject;
			attributes = {
				LastUpgradeCheck = 0500;
				TargetAttributes = {
					1D6058900D05DD3D006BFB54 = {
						DevelopmentTeam = G25M3A7BSH;
					};
				};
			};
			buildConfigurationList = C01FCF4E08A954540054247B /* Build configuration list for PBXProject "battleheart" */;
			compatibilityVersion = "Xcode 3.2";
			developmentRegion = English;
			hasScannedForEncodings = 1;
			knownRegions = (
				English,
				Japanese,
				French,
				German,
			);
			mainGroup = 29B97314FDCFA39411CA2CEA /* CustomTemplate */;
			projectDirPath = "";
			projectReferences = (
				{
					ProductGroup = 1AC6FAE6180E9839004C840B /* Products */;
					ProjectRef = 1AC6FAE5180E9839004C840B /* cocos2d_libs.xcodeproj */;
				},
			);
			projectRoot = "";
			targets = (
				1D6058900D05DD3D006BFB54 /* battleheart-mobile */,
				5087E73D17EB910900C73F5D /* battleheart-desktop */,
			);
		};
/* End PBXProject section */

/* Begin PBXReferenceProxy section */
		1A7533E31F6F75F6007E8E6F /* libcocos2d tvOS.a */ = {
			isa = PBXReferenceProxy;
			fileType = archive.ar;
			path = "libcocos2d tvOS.a";
			remoteRef = 1A7533E21F6F75F6007E8E6F /* PBXContainerItemProxy */;
			sourceTree = BUILT_PRODUCTS_DIR;
		};
		1AC6FAF9180E9839004C840B /* libcocos2d Mac.a */ = {
			isa = PBXReferenceProxy;
			fileType = archive.ar;
			path = "libcocos2d Mac.a";
			remoteRef = 1AC6FAF8180E9839004C840B /* PBXContainerItemProxy */;
			sourceTree = BUILT_PRODUCTS_DIR;
		};
		1AC6FB07180E9839004C840B /* libcocos2d iOS.a */ = {
			isa = PBXReferenceProxy;
			fileType = archive.ar;
			path = "libcocos2d iOS.a";
			remoteRef = 1AC6FB06180E9839004C840B /* PBXContainerItemProxy */;
			sourceTree = BUILT_PRODUCTS_DIR;
		};
/* End PBXReferenceProxy section */

/* Begin PBXResourcesBuildPhase section */
		1D60588D0D05DD3D006BFB54 /* Resources */ = {
			isa = PBXResourcesBuildPhase;
			buildActionMask = 2147483647;
			files = (
				46880B8119C43A67006E1F66 /* HelloWorld.png in Resources */,
				1A88B2641FC3D9C9005C14AE /* Images.xcassets in Resources */,
				9C8FE44522004418001D1C43 /* animation in Resources */,
				46880B7D19C43A67006E1F66 /* CloseSelected.png in Resources */,
				521A8EA919F11F5000D177D7 /* fonts in Resources */,
				9C8FE44322004418001D1C43 /* roleData in Resources */,
				1AF87B891F6F781D007BE51C /* LaunchScreenBackground.png in Resources */,
				46880B7B19C43A67006E1F66 /* CloseNormal.png in Resources */,
				1AF87B881F6F781D007BE51C /* LaunchScreen.storyboard in Resources */,
			);
			runOnlyForDeploymentPostprocessing = 0;
		};
		5087E74817EB910900C73F5D /* Resources */ = {
			isa = PBXResourcesBuildPhase;
			buildActionMask = 2147483647;
			files = (
				9C8FE44422004418001D1C43 /* roleData in Resources */,
				46880B8219C43A67006E1F66 /* HelloWorld.png in Resources */,
				503AE0F817EB97AB00D1A890 /* Icon.icns in Resources */,
				521A8EAA19F11F5000D177D7 /* fonts in Resources */,
				46880B7C19C43A67006E1F66 /* CloseNormal.png in Resources */,
				46880B7E19C43A67006E1F66 /* CloseSelected.png in Resources */,
				9C8FE44622004418001D1C43 /* animation in Resources */,
			);
			runOnlyForDeploymentPostprocessing = 0;
		};
/* End PBXResourcesBuildPhase section */

/* Begin PBXSourcesBuildPhase section */
		1D60588E0D05DD3D006BFB54 /* Sources */ = {
			isa = PBXSourcesBuildPhase;
			buildActionMask = 2147483647;
			files = (
				1AF87B781F6F77F7007BE51C /* AppController.mm in Sources */,
				9C6B3AFA21C7D32C001CE351 /* OpenLayer.cpp in Sources */,
				9C83A43B21C8F2AD008CFE71 /* BloodBar.cpp in Sources */,
				9C6B3AF521C7D31E001CE351 /* BaseRole.cpp in Sources */,
				9C6B3AF621C7D321001CE351 /* BaseController.cpp in Sources */,
				9C6B3AFC21C7D332001CE351 /* AppDelegate.cpp in Sources */,
				9CD6D8D82205C21A0083A53C /* HostilityTick.cpp in Sources */,
				9C8F293721D47932003B8DA4 /* AttackAbility.cpp in Sources */,
				9C8FE40B21FE8F7C001D1C43 /* Indicator.cpp in Sources */,
				9C3A5DA022014C470079AC78 /* AutoController.cpp in Sources */,
				9C6B3AF921C7D32A001CE351 /* LoadLayer.cpp in Sources */,
				9C6B3AF121C7D313001CE351 /* BaseAbility.cpp in Sources */,
				1AF87B8B1F6F782A007BE51C /* RootViewController.mm in Sources */,
				9C6B3AF421C7D31B001CE351 /* MoveAbility.cpp in Sources */,
				1AF87B8A1F6F7822007BE51C /* main.m in Sources */,
				9C6B3AF821C7D327001CE351 /* BattleLayer.cpp in Sources */,
				9C686B3A21CDFDCC00F8AC77 /* AbilityMaster.cpp in Sources */,
				9C6B3AF721C7D324001CE351 /* FlyBlood.cpp in Sources */,
				9C0A9FB421CA58FE000DC9EA /* PhysicManager.cpp in Sources */,
				9C6B3AFB21C7D32F001CE351 /* SceneManager.cpp in Sources */,
				9C3A5D992201403E0079AC78 /* Hostility.cpp in Sources */,
				9C6B3AF321C7D319001CE351 /* StandAbility.cpp in Sources */,
				9C8FE41321FF3F3B001D1C43 /* DataManager.cpp in Sources */,
			);
			runOnlyForDeploymentPostprocessing = 0;
		};
		5087E75617EB910900C73F5D /* Sources */ = {
			isa = PBXSourcesBuildPhase;
			buildActionMask = 2147483647;
			files = (
				9C30DEB721C617EE00CF5E34 /* StandAbility.cpp in Sources */,
				9C0A9FB521CA58FE000DC9EA /* PhysicManager.cpp in Sources */,
				9C0B327721C500CF00533FF4 /* FlyBlood.cpp in Sources */,
				9CD6D8D92205C21A0083A53C /* HostilityTick.cpp in Sources */,
				9C606A7E21C2854300546A96 /* AppDelegate.cpp in Sources */,
				9C3A5DA122014C470079AC78 /* AutoController.cpp in Sources */,
				503AE10517EB98FF00D1A890 /* main.cpp in Sources */,
				9C0B327B21C5010000533FF4 /* BaseRole.cpp in Sources */,
				9C606A8E21C2858800546A96 /* SceneManager.cpp in Sources */,
				9C606A8D21C2858500546A96 /* OpenLayer.cpp in Sources */,
				9C8F293821D47932003B8DA4 /* AttackAbility.cpp in Sources */,
				9C8FE41421FF3F3B001D1C43 /* DataManager.cpp in Sources */,
				9C8FE40C21FE8F7C001D1C43 /* Indicator.cpp in Sources */,
				9C606A8B21C2857E00546A96 /* BattleLayer.cpp in Sources */,
				9C0B327421C500B700533FF4 /* BaseController.cpp in Sources */,
				9C686B3B21CDFDCC00F8AC77 /* AbilityMaster.cpp in Sources */,
				9C3A5D9A2201403E0079AC78 /* Hostility.cpp in Sources */,
				9C30DEC421C6671400CF5E34 /* MoveAbility.cpp in Sources */,
				9C606A8C21C2858200546A96 /* LoadLayer.cpp in Sources */,
				9C83A43C21C8F2AD008CFE71 /* BloodBar.cpp in Sources */,
				9C0B327F21C5012000533FF4 /* BaseAbility.cpp in Sources */,
			);
			runOnlyForDeploymentPostprocessing = 0;
		};
/* End PBXSourcesBuildPhase section */

/* Begin PBXTargetDependency section */
		1AC6FB16180E9959004C840B /* PBXTargetDependency */ = {
			isa = PBXTargetDependency;
			name = "cocos2dx Mac";
			targetProxy = 1AC6FB15180E9959004C840B /* PBXContainerItemProxy */;
		};
		1AC6FB25180E99E1004C840B /* PBXTargetDependency */ = {
			isa = PBXTargetDependency;
			name = "cocos2dx iOS";
			targetProxy = 1AC6FB24180E99E1004C840B /* PBXContainerItemProxy */;
		};
/* End PBXTargetDependency section */

/* Begin XCBuildConfiguration section */
		1D6058940D05DD3E006BFB54 /* Debug */ = {
			isa = XCBuildConfiguration;
			buildSettings = {
				ALWAYS_SEARCH_USER_PATHS = YES;
				ASSETCATALOG_COMPILER_APPICON_NAME = AppIcon;
				CODE_SIGN_IDENTITY = "iPhone Developer";
				COMPRESS_PNG_FILES = NO;
				DEVELOPMENT_TEAM = G25M3A7BSH;
				ENABLE_BITCODE = NO;
				GCC_DYNAMIC_NO_PIC = NO;
				GCC_INLINES_ARE_PRIVATE_EXTERN = NO;
				GCC_PRECOMPILE_PREFIX_HEADER = YES;
				GCC_PREFIX_HEADER = ios/Prefix.pch;
				GCC_PREPROCESSOR_DEFINITIONS = (
					USE_FILE32API,
					"COCOS2D_DEBUG=1",
					"CC_ENABLE_CHIPMUNK_INTEGRATION=1",
				);
				GCC_SYMBOLS_PRIVATE_EXTERN = NO;
				HEADER_SEARCH_PATHS = "$(inherited)";
				INFOPLIST_FILE = ios/Info.plist;
				IPHONEOS_DEPLOYMENT_TARGET = 6.0;
				LIBRARY_SEARCH_PATHS = "";
				OTHER_LDFLAGS = (
					"$(_COCOS_LIB_IOS_BEGIN)",
					"$(_COCOS_LIB_IOS_END)",
				);
				SDKROOT = iphoneos;
				STRIP_PNG_TEXT = NO;
				TARGETED_DEVICE_FAMILY = "1,2";
				USER_HEADER_SEARCH_PATHS = "$(_COCOS_HEADER_IOS_BEGIN) $(_COCOS_HEADER_IOS_END)";
				VALID_ARCHS = "arm64 armv7";
			};
			name = Debug;
		};
		1D6058950D05DD3E006BFB54 /* Release */ = {
			isa = XCBuildConfiguration;
			buildSettings = {
				ALWAYS_SEARCH_USER_PATHS = YES;
				ASSETCATALOG_COMPILER_APPICON_NAME = AppIcon;
				CODE_SIGN_IDENTITY = "iPhone Developer";
				COMPRESS_PNG_FILES = NO;
				DEVELOPMENT_TEAM = G25M3A7BSH;
				ENABLE_BITCODE = NO;
				GCC_INLINES_ARE_PRIVATE_EXTERN = NO;
				GCC_PRECOMPILE_PREFIX_HEADER = YES;
				GCC_PREFIX_HEADER = ios/Prefix.pch;
				GCC_PREPROCESSOR_DEFINITIONS = (
					USE_FILE32API,
					"CC_ENABLE_CHIPMUNK_INTEGRATION=1",
					NDEBUG,
				);
				GCC_SYMBOLS_PRIVATE_EXTERN = NO;
				HEADER_SEARCH_PATHS = "$(inherited)";
				INFOPLIST_FILE = ios/Info.plist;
				IPHONEOS_DEPLOYMENT_TARGET = 6.0;
				LIBRARY_SEARCH_PATHS = "";
				OTHER_LDFLAGS = (
					"$(_COCOS_LIB_IOS_BEGIN)",
					"$(_COCOS_LIB_IOS_END)",
				);
				SDKROOT = iphoneos;
				STRIP_PNG_TEXT = NO;
				TARGETED_DEVICE_FAMILY = "1,2";
				USER_HEADER_SEARCH_PATHS = "$(_COCOS_HEADER_IOS_BEGIN) $(_COCOS_HEADER_IOS_END)";
				VALID_ARCHS = "arm64 armv7";
			};
			name = Release;
		};
		5087E76D17EB910900C73F5D /* Debug */ = {
			isa = XCBuildConfiguration;
			buildSettings = {
				ALWAYS_SEARCH_USER_PATHS = YES;
				ARCHS = "$(ARCHS_STANDARD_64_BIT)";
				CLANG_CXX_LANGUAGE_STANDARD = "c++0x";
				CLANG_CXX_LIBRARY = "libc++";
				GCC_DYNAMIC_NO_PIC = NO;
				GCC_INLINES_ARE_PRIVATE_EXTERN = NO;
				GCC_PRECOMPILE_PREFIX_HEADER = YES;
				GCC_PREFIX_HEADER = mac/Prefix.pch;
				GCC_PREPROCESSOR_DEFINITIONS = (
					USE_FILE32API,
					"COCOS2D_DEBUG=1",
					"CC_ENABLE_CHIPMUNK_INTEGRATION=1",
				);
				GCC_SYMBOLS_PRIVATE_EXTERN = NO;
				HEADER_SEARCH_PATHS = (
					"$(inherited)",
					"$(SRCROOT)/../cocos2d/external/glfw3/include/mac",
				);
				INFOPLIST_FILE = mac/Info.plist;
				LIBRARY_SEARCH_PATHS = "";
				OTHER_LDFLAGS = (
					"$(_COCOS_LIB_MAC_BEGIN)",
					"$(_COCOS_LIB_MAC_END)",
				);
				USER_HEADER_SEARCH_PATHS = "$(_COCOS_HEADER_MAC_BEGIN) $(_COCOS_HEADER_MAC_END)";
			};
			name = Debug;
		};
		5087E76E17EB910900C73F5D /* Release */ = {
			isa = XCBuildConfiguration;
			buildSettings = {
				ALWAYS_SEARCH_USER_PATHS = YES;
				ARCHS = "$(ARCHS_STANDARD_64_BIT)";
				CLANG_CXX_LANGUAGE_STANDARD = "c++0x";
				CLANG_CXX_LIBRARY = "libc++";
				GCC_INLINES_ARE_PRIVATE_EXTERN = NO;
				GCC_PRECOMPILE_PREFIX_HEADER = YES;
				GCC_PREFIX_HEADER = mac/Prefix.pch;
				GCC_PREPROCESSOR_DEFINITIONS = (
					USE_FILE32API,
					"CC_ENABLE_CHIPMUNK_INTEGRATION=1",
					NDEBUG,
				);
				GCC_SYMBOLS_PRIVATE_EXTERN = NO;
				HEADER_SEARCH_PATHS = (
					"$(inherited)",
					"$(SRCROOT)/../cocos2d/external/glfw3/include/mac",
				);
				INFOPLIST_FILE = mac/Info.plist;
				LIBRARY_SEARCH_PATHS = "";
				OTHER_LDFLAGS = (
					"$(_COCOS_LIB_MAC_BEGIN)",
					"$(_COCOS_LIB_MAC_END)",
				);
				USER_HEADER_SEARCH_PATHS = "$(_COCOS_HEADER_MAC_BEGIN) $(_COCOS_HEADER_MAC_END)";
			};
			name = Release;
		};
		C01FCF4F08A954540054247B /* Debug */ = {
			isa = XCBuildConfiguration;
			buildSettings = {
				CLANG_CXX_LANGUAGE_STANDARD = "c++0x";
				CLANG_CXX_LIBRARY = "libc++";
				COPY_PHASE_STRIP = NO;
				GCC_OPTIMIZATION_LEVEL = 0;
				GCC_WARN_ABOUT_RETURN_TYPE = YES;
				GCC_WARN_UNUSED_VARIABLE = YES;
				HEADER_SEARCH_PATHS = (
					"$(SRCROOT)/../cocos2d",
					"$(SRCROOT)/../cocos2d/cocos/audio/include",
					"$(SRCROOT)/../cocos2d/cocos",
					"$(SRCROOT)/../cocos2d/extensions",
					"$(SRCROOT)/../cocos2d/external",
					"$(SRCROOT)/../cocos2d/external/chipmunk/include/chipmunk",
					"$(SRCROOT)/../cocos2d/cocos/editor-support",
				);
				IPHONEOS_DEPLOYMENT_TARGET = 6.0;
				MACOSX_DEPLOYMENT_TARGET = 10.7;
				ONLY_ACTIVE_ARCH = YES;
				PRODUCT_NAME = "$(TARGET_NAME)";
				SDKROOT = macosx;
			};
			name = Debug;
		};
		C01FCF5008A954540054247B /* Release */ = {
			isa = XCBuildConfiguration;
			buildSettings = {
				CLANG_CXX_LANGUAGE_STANDARD = "c++0x";
				CLANG_CXX_LIBRARY = "libc++";
				GCC_WARN_ABOUT_RETURN_TYPE = YES;
				GCC_WARN_UNUSED_VARIABLE = YES;
				HEADER_SEARCH_PATHS = (
					"$(SRCROOT)/../cocos2d",
					"$(SRCROOT)/../cocos2d/cocos/audio/include",
					"$(SRCROOT)/../cocos2d/cocos",
					"$(SRCROOT)/../cocos2d/extensions",
					"$(SRCROOT)/../cocos2d/external",
					"$(SRCROOT)/../cocos2d/external/chipmunk/include/chipmunk",
					"$(SRCROOT)/../cocos2d/cocos/editor-support",
				);
				IPHONEOS_DEPLOYMENT_TARGET = 6.0;
				MACOSX_DEPLOYMENT_TARGET = 10.7;
				OTHER_CFLAGS = "-DNS_BLOCK_ASSERTIONS=1";
				PRODUCT_NAME = "$(TARGET_NAME)";
				SDKROOT = macosx;
				VALIDATE_PRODUCT = YES;
			};
			name = Release;
		};
/* End XCBuildConfiguration section */

/* Begin XCConfigurationList section */
		1D6058960D05DD3E006BFB54 /* Build configuration list for PBXNativeTarget "battleheart-mobile" */ = {
			isa = XCConfigurationList;
			buildConfigurations = (
				1D6058940D05DD3E006BFB54 /* Debug */,
				1D6058950D05DD3E006BFB54 /* Release */,
			);
			defaultConfigurationIsVisible = 0;
			defaultConfigurationName = Debug;
		};
		5087E76C17EB910900C73F5D /* Build configuration list for PBXNativeTarget "battleheart-desktop" */ = {
			isa = XCConfigurationList;
			buildConfigurations = (
				5087E76D17EB910900C73F5D /* Debug */,
				5087E76E17EB910900C73F5D /* Release */,
			);
			defaultConfigurationIsVisible = 0;
			defaultConfigurationName = Debug;
		};
		C01FCF4E08A954540054247B /* Build configuration list for PBXProject "battleheart" */ = {
			isa = XCConfigurationList;
			buildConfigurations = (
				C01FCF4F08A954540054247B /* Debug */,
				C01FCF5008A954540054247B /* Release */,
			);
			defaultConfigurationIsVisible = 0;
			defaultConfigurationName = Debug;
		};
/* End XCConfigurationList section */
	};
	rootObject = 29B97313FDCFA39411CA2CEA /* Project object */;
}
